{
	"name": "@heisenberg-cli-dev/utils",
	"version": "1.0.2",
	"lockfileVersion": 1,
	"requires": true,
	"dependencies": {
		"@imooc-cli-dev/utils": {
			"version": "1.0.4",
			"resolved": "https://registry.npm.taobao.org/@imooc-cli-dev/utils/download/@imooc-cli-dev/utils-1.0.4.tgz",
			"integrity": "sha1-vNUW2XVmW1HlZ92wlVE9ETlmZok="
		}
	}
}
